Microsoft Visual Studio Solution File, Format Version 12.00
# Visual Studio Version 17
VisualStudioVersion = 17.5.2.0
MinimumVisualStudioVersion = 10.0.40219.1
Project("{FAE04EC0-301F-11D3-BF4B-00C04F79EFBC}") = "ExampleNesting", "ExampleNesting.csproj", "{F1917892-442A-4DBF-AC4E-795468352C8B}"
EndProject
Global
	GlobalSection(SolutionConfigurationPlatforms) = preSolution
		Debug|Any CPU = Debug|Any CPU
		Release|Any CPU = Release|Any CPU
	EndGlobalSection
	GlobalSection(ProjectConfigurationPlatforms) = postSolution
		{F1917892-442A-4DBF-AC4E-795468352C8B}.Debug|Any CPU.ActiveCfg = Debug|Any CPU
		{F1917892-442A-4DBF-AC4E-795468352C8B}.Debug|Any CPU.Build.0 = Debug|Any CPU
		{F1917892-442A-4DBF-AC4E-795468352C8B}.Release|Any CPU.ActiveCfg = Release|Any CPU
		{F1917892-442A-4DBF-AC4E-795468352C8B}.Release|Any CPU.Build.0 = Release|Any CPU
	EndGlobalSection
	GlobalSection(SolutionProperties) = preSolution
		HideSolutionNode = FALSE
	EndGlobalSection
	GlobalSection(ExtensibilityGlobals) = postSolution
		SolutionGuid = {8A34456E-B988-4502-984F-D758A424EB6E}
	EndGlobalSection
EndGlobal
